// !$*UTF8*$!
{
	archiveVersion = 1;
	classes = {
	};
	objectVersion = 46;
	objects = {

/* Begin PBXBuildFile section */
		51DAA6581E341EC200D5B457 /* AppDelegate.swift in Sources */ = {isa = PBXBuildFile; fileRef = 51DAA6571E341EC200D5B457 /* AppDelegate.swift */; };
		51DAA65D1E341EC200D5B457 /* Main.storyboard in Resources */ = {isa = PBXBuildFile; fileRef = 51DAA65B1E341EC200D5B457 /* Main.storyboard */; };
		51DAA65F1E341EC200D5B457 /* Assets.xcassets in Resources */ = {isa = PBXBuildFile; fileRef = 51DAA65E1E341EC200D5B457 /* Assets.xcassets */; };
		51DAA6621E341EC200D5B457 /* LaunchScreen.storyboard in Resources */ = {isa = PBXBuildFile; fileRef = 51DAA6601E341EC200D5B457 /* LaunchScreen.storyboard */; };
		51DAA66A1E34278200D5B457 /* LoginViewController.swift in Sources */ = {isa = PBXBuildFile; fileRef = 51DAA6691E34278200D5B457 /* LoginViewController.swift */; };
		51DAA66E1E3427FB00D5B457 /* ChatViewController.swift in Sources */ = {isa = PBXBuildFile; fileRef = 51DAA66D1E3427FB00D5B457 /* ChatViewController.swift */; };
/* End PBXBuildFile section */

/* Begin PBXFileReference section */
		51DAA6541E341EC200D5B457 /* V.app */ = {isa = PBXFileReference; explicitFileType = wrapper.application; includeInIndex = 0; path = V.app; sourceTree = BUILT_PRODUCTS_DIR; };
		51DAA6571E341EC200D5B457 /* AppDelegate.swift */ = {isa = PBXFileReference; lastKnownFileType = sourcecode.swift; path = AppDelegate.swift; sourceTree = "<group>"; };
		51DAA65C1E341EC200D5B457 /* Base */ = {isa = PBXFileReference; lastKnownFileType = file.storyboard; name = Base; path = Base.lproj/Main.storyboard; sourceTree = "<group>"; };
		51DAA65E1E341EC200D5B457 /* Assets.xcassets */ = {isa = PBXFileReference; lastKnownFileType = folder.assetcatalog; path = Assets.xcassets; sourceTree = "<group>"; };
		51DAA6611E341EC200D5B457 /* Base */ = {isa = PBXFileReference; lastKnownFileType = file.storyboard; name = Base; path = Base.lproj/LaunchScreen.storyboard; sourceTree = "<group>"; };
		51DAA6631E341EC200D5B457 /* Info.plist */ = {isa = PBXFileReference; lastKnownFileType = text.plist.xml; path = Info.plist; sourceTree = "<group>"; };
		51DAA6691E34278200D5B457 /* LoginViewController.swift */ = {isa = PBXFileReference; fileEncoding = 4; lastKnownFileType = sourcecode.swift; name = LoginViewController.swift; path = Controllers/LoginViewController.swift; sourceTree = "<group>"; };
		51DAA66D1E3427FB00D5B457 /* ChatViewController.swift */ = {isa = PBXFileReference; fileEncoding = 4; lastKnownFileType = sourcecode.swift; name = ChatViewController.swift; path = Controllers/ChatViewController.swift; sourceTree = "<group>"; };
/* End PBXFileReference section */

/* Begin PBXFrameworksBuildPhase section */
		51DAA6511E341EC200D5B457 /* Frameworks */ = {
			isa = PBXFrameworksBuildPhase;
			buildActionMask = 2147483647;
			files = (
			);
			runOnlyForDeploymentPostprocessing = 0;
		};
/* End PBXFrameworksBuildPhase section */

/* Begin PBXGroup section */
		51DAA64B1E341EC200D5B457 = {
			isa = PBXGroup;
			children = (
				51DAA6561E341EC200D5B457 /* V */,
				51DAA6551E341EC200D5B457 /* Products */,
			);
			sourceTree = "<group>";
		};
		51DAA6551E341EC200D5B457 /* Products */ = {
			isa = PBXGroup;
			children = (
				51DAA6541E341EC200D5B457 /* V.app */,
			);
			name = Products;
			sourceTree = "<group>";
		};
		51DAA6561E341EC200D5B457 /* V */ = {
			isa = PBXGroup;
			children = (
				51DAA66C1E34279800D5B457 /* Storyboards */,
				51DAA66B1E34278800D5B457 /* Controllers */,
				51DAA6571E341EC200D5B457 /* AppDelegate.swift */,
				51DAA65E1E341EC200D5B457 /* Assets.xcassets */,
				51DAA6631E341EC200D5B457 /* Info.plist */,
			);
			path = V;
			sourceTree = "<group>";
		};
		51DAA66B1E34278800D5B457 /* Controllers */ = {
			isa = PBXGroup;
			children = (
				51DAA6691E34278200D5B457 /* LoginViewController.swift */,
				51DAA66D1E3427FB00D5B457 /* ChatViewController.swift */,
			);
			name = Controllers;
			sourceTree = "<group>";
		};
		51DAA66C1E34279800D5B457 /* Storyboards */ = {
			isa = PBXGroup;
			children = (
				51DAA65B1E341EC200D5B457 /* Main.storyboard */,
				51DAA6601E341EC200D5B457 /* LaunchScreen.storyboard */,
			);
			name = Storyboards;
			sourceTree = "<group>";
		};
/* End PBXGroup section */

/* Begin PBXNativeTarget section */
		51DAA6531E341EC200D5B457 /* V */ = {
			isa = PBXNativeTarget;
			buildConfigurationList = 51DAA6661E341EC200D5B457 /* Build configuration list for PBXNativeTarget "V" */;
			buildPhases = (
				51DAA6501E341EC200D5B457 /* Sources */,
				51DAA6511E341EC200D5B457 /* Frameworks */,
				51DAA6521E341EC200D5B457 /* Resources */,
			);
			buildRules = (
			);
			dependencies = (
			);
			name = V;
			productName = V;
			productReference = 51DAA6541E341EC200D5B457 /* V.app */;
			productType = "com.apple.product-type.application";
		};
/* End PBXNativeTarget section */

/* Begin PBXProject section */
		51DAA64C1E341EC200D5B457 /* Project object */ = {
			isa = PBXProject;
			attributes = {
				LastSwiftUpdateCheck = 0820;
				LastUpgradeCheck = 0820;
				ORGANIZATIONNAME = "Dulio Denis";
				TargetAttributes = {
					51DAA6531E341EC200D5B457 = {
						CreatedOnToolsVersion = 8.2.1;
						ProvisioningStyle = Automatic;
					};
				};
			};
			buildConfigurationList = 51DAA64F1E341EC200D5B457 /* Build configuration list for PBXProject "V" */;
			compatibilityVersion = "Xcode 3.2";
			developmentRegion = English;
			hasScannedForEncodings = 0;
			knownRegions = (
				en,
				Base,
			);
			mainGroup = 51DAA64B1E341EC200D5B457;
			productRefGroup = 51DAA6551E341EC200D5B457 /* Products */;
			projectDirPath = "";
			projectRoot = "";
			targets = (
				51DAA6531E341EC200D5B457 /* V */,
			);
		};
/* End PBXProject section */

/* Begin PBXResourcesBuildPhase section */
		51DAA6521E341EC200D5B457 /* Resources */ = {
			isa = PBXResourcesBuildPhase;
			buildActionMask = 2147483647;
			files = (
				51DAA6621E341EC200D5B457 /* LaunchScreen.storyboard in Resources */,
				51DAA65F1E341EC200D5B457 /* Assets.xcassets in Resources */,
				51DAA65D1E341EC200D5B457 /* Main.storyboard in Resources */,
			);
			runOnlyForDeploymentPostprocessing = 0;
		};
/* End PBXResourcesBuildPhase section */

/* Begin PBXSourcesBuildPhase section */
		51DAA6501E341EC200D5B457 /* Sources */ = {
			isa = PBXSourcesBuildPhase;
			buildActionMask = 2147483647;
			files = (
				51DAA66A1E34278200D5B457 /* LoginViewController.swift in Sources */,
				51DAA66E1E3427FB00D5B457 /* ChatViewController.swift in Sources */,
				51DAA6581E341EC200D5B457 /* AppDelegate.swift in Sources */,
			);
			runOnlyForDeploymentPostprocessing = 0;
		};
/* End PBXSourcesBuildPhase section */

/* Begin PBXVariantGroup section */
		51DAA65B1E341EC200D5B457 /* Main.storyboard */ = {
			isa = PBXVariantGroup;
			children = (
				51DAA65C1E341EC200D5B457 /* Base */,
			);
			name = Main.storyboard;
			sourceTree = "<group>";
		};
		51DAA6601E341EC200D5B457 /* LaunchScreen.storyboard */ = {
			isa = PBXVariantGroup;
			children = (
				51DAA6611E341EC200D5B457 /* Base */,
			);
			name = LaunchScreen.storyboard;
			sourceTree = "<group>";
		};
/* End PBXVariantGroup section */

/* Begin XCBuildConfiguration section */
		51DAA6641E341EC200D5B457 /* Debug */ = {
			isa = XCBuildConfiguration;
			buildSettings = {
				ALWAYS_SEARCH_USER_PATHS = NO;
				CLANG_ANALYZER_NONNULL = YES;
				CLANG_CXX_LANGUAGE_STANDARD = "gnu++0x";
				CLANG_CXX_LIBRARY = "libc++";
				CLANG_ENABLE_MODULES = YES;
				CLANG_ENABLE_OBJC_ARC = YES;
				CLANG_WARN_BOOL_CONVERSION = YES;
				CLANG_WARN_CONSTANT_CONVERSION = YES;
				CLANG_WARN_DIRECT_OBJC_ISA_USAGE = YES_ERROR;
				CLANG_WARN_DOCUMENTATION_COMMENTS = YES;
				CLANG_WARN_EMPTY_BODY = YES;
				CLANG_WARN_ENUM_CONVERSION = YES;
				CLANG_WARN_INFINITE_RECURSION = YES;
				CLANG_WARN_INT_CONVERSION = YES;
				CLANG_WARN_OBJC_ROOT_CLASS = YES_ERROR;
				CLANG_WARN_SUSPICIOUS_MOVE = YES;
				CLANG_WARN_UNREACHABLE_CODE = YES;
				CLANG_WARN__DUPLICATE_METHOD_MATCH = YES;
				"CODE_SIGN_IDENTITY[sdk=iphoneos*]" = "iPhone Developer";
				COPY_PHASE_STRIP = NO;
				DEBUG_INFORMATION_FORMAT = dwarf;
				ENABLE_STRICT_OBJC_MSGSEND = YES;
				ENABLE_TESTABILITY = YES;
				GCC_C_LANGUAGE_STANDARD = gnu99;
				GCC_DYNAMIC_NO_PIC = NO;
				GCC_NO_COMMON_BLOCKS = YES;
				GCC_OPTIMIZATION_LEVEL = 0;
				GCC_PREPROCESSOR_DEFINITIONS = (
					"DEBUG=1",
					"$(inherited)",
				);
				GCC_WARN_64_TO_32_BIT_CONVERSION = YES;
				GCC_WARN_ABOUT_RETURN_TYPE = YES_ERROR;
				GCC_WARN_UNDECLARED_SELECTOR = YES;
				GCC_WARN_UNINITIALIZED_AUTOS = YES_AGGRESSIVE;
				GCC_WARN_UNUSED_FUNCTION = YES;
				GCC_WARN_UNUSED_VARIABLE = YES;
				IPHONEOS_DEPLOYMENT_TARGET = 10.2;
				MTL_ENABLE_DEBUG_INFO = YES;
				ONLY_ACTIVE_ARCH = YES;
				SDKROOT = iphoneos;
				SWIFT_ACTIVE_COMPILATION_CONDITIONS = DEBUG;
				SWIFT_OPTIMIZATION_LEVEL = "-Onone";
				TARGETED_DEVICE_FAMILY = "1,2";
			};
			name = Debug;
		};
		51DAA6651E341EC200D5B457 /* Release */ = {
			isa = XCBuildConfiguration;
			buildSettings = {
				ALWAYS_SEARCH_USER_PATHS = NO;
				CLANG_ANALYZER_NONNULL = YES;
				CLANG_CXX_LANGUAGE_STANDARD = "gnu++0x";
				CLANG_CXX_LIBRARY = "libc++";
				CLANG_ENABLE_MODULES = YES;
				CLANG_ENABLE_OBJC_ARC = YES;
				CLANG_WARN_BOOL_CONVERSION = YES;
				CLANG_WARN_CONSTANT_CONVERSION = YES;
				CLANG_WARN_DIRECT_OBJC_ISA_USAGE = YES_ERROR;
				CLANG_WARN_DOCUMENTATION_COMMENTS = YES;
				CLANG_WARN_EMPTY_BODY = YES;
				CLANG_WARN_ENUM_CONVERSION = YES;
				CLANG_WARN_INFINITE_RECURSION = YES;
				CLANG_WARN_INT_CONVERSION = YES;
				CLANG_WARN_OBJC_ROOT_CLASS = YES_ERROR;
				CLANG_WARN_SUSPICIOUS_MOVE = YES;
				CLANG_WARN_UNREACHABLE_CODE = YES;
				CLANG_WARN__DUPLICATE_METHOD_MATCH = YES;
				"CODE_SIGN_IDENTITY[sdk=iphoneos*]" = "iPhone Developer";
				COPY_PHASE_STRIP = NO;
				DEBUG_INFORMATION_FORMAT = "dwarf-with-dsym";
				ENABLE_NS_ASSERTIONS = NO;
				ENABLE_STRICT_OBJC_MSGSEND = YES;
				GCC_C_LANGUAGE_STANDARD = gnu99;
				GCC_NO_COMMON_BLOCKS = YES;
				GCC_WARN_64_TO_32_BIT_CONVERSION = YES;
				GCC_WARN_ABOUT_RETURN_TYPE = YES_ERROR;
				GCC_WARN_UNDECLARED_SELECTOR = YES;
				GCC_WARN_UNINITIALIZED_AUTOS = YES_AGGRESSIVE;
				GCC_WARN_UNUSED_FUNCTION = YES;
				GCC_WARN_UNUSED_VARIABLE = YES;
				IPHONEOS_DEPLOYMENT_TARGET = 10.2;
				MTL_ENABLE_DEBUG_INFO = NO;
				SDKROOT = iphoneos;
				SWIFT_OPTIMIZATION_LEVEL = "-Owholemodule";
				TARGETED_DEVICE_FAMILY = "1,2";
				VALIDATE_PRODUCT = YES;
			};
			name = Release;
		};
		51DAA6671E341EC200D5B457 /* Debug */ = {
			isa = XCBuildConfiguration;
			buildSettings = {
				ASSETCATALOG_COMPILER_APPICON_NAME = AppIcon;
				INFOPLIST_FILE = V/Info.plist;
				LD_RUNPATH_SEARCH_PATHS = "$(inherited) @executable_path/Frameworks";
				PRODUCT_BUNDLE_IDENTIFIER = com.ddapps.v;
				PRODUCT_NAME = "$(TARGET_NAME)";
				SWIFT_VERSION = 3.0;
			};
			name = Debug;
		};
		51DAA6681E341EC200D5B457 /* Release */ = {
			isa = XCBuildConfiguration;
			buildSettings = {
				ASSETCATALOG_COMPILER_APPICON_NAME = AppIcon;
				INFOPLIST_FILE = V/Info.plist;
				LD_RUNPATH_SEARCH_PATHS = "$(inherited) @executable_path/Frameworks";
				PRODUCT_BUNDLE_IDENTIFIER = com.ddapps.v;
				PRODUCT_NAME = "$(TARGET_NAME)";
				SWIFT_VERSION = 3.0;
			};
			name = Release;
		};
/* End XCBuildConfiguration section */

/* Begin XCConfigurationList section */
		51DAA64F1E341EC200D5B457 /* Build configuration list for PBXProject "V" */ = {
			isa = XCConfigurationList;
			buildConfigurations = (
				51DAA6641E341EC200D5B457 /* Debug */,
				51DAA6651E341EC200D5B457 /* Release */,
			);
			defaultConfigurationIsVisible = 0;
			defaultConfigurationName = Release;
		};
		51DAA6661E341EC200D5B457 /* Build configuration list for PBXNativeTarget "V" */ = {
			isa = XCConfigurationList;
			buildConfigurations = (
				51DAA6671E341EC200D5B457 /* Debug */,
				51DAA6681E341EC200D5B457 /* Release */,
			);
			defaultConfigurationIsVisible = 0;
		};
/* End XCConfigurationList section */
	};
	rootObject = 51DAA64C1E341EC200D5B457 /* Project object */;
}
